// !$*UTF8*$!
{
	archiveVersion = 1;
	classes = {
	};
	objectVersion = 50;
	objects = {

/* Begin PBXBuildFile section */
		10FBFE547810C7254FD4EA70 /* Pods_iBachUITests.framework in Frameworks */ = {isa = PBXBuildFile; fileRef = BD42BC63A36BD04D8C6F6AB4 /* Pods_iBachUITests.framework */; };
		34250FFE21ED218A008CB7FD /* SongDetailDatasource.swift in Sources */ = {isa = PBXBuildFile; fileRef = 34250FFD21ED218A008CB7FD /* SongDetailDatasource.swift */; };
		3425100021ED2B31008CB7FD /* BlueTheme.swift in Sources */ = {isa = PBXBuildFile; fileRef = 34250FFF21ED2B31008CB7FD /* BlueTheme.swift */; };
		3433DC1A21B2D15E008EA2AE /* Settings.storyboard in Resources */ = {isa = PBXBuildFile; fileRef = 3433DC1921B2D15E008EA2AE /* Settings.storyboard */; };
		3433DC1C21B2D609008EA2AE /* SettingsViewController.swift in Sources */ = {isa = PBXBuildFile; fileRef = 3433DC1B21B2D609008EA2AE /* SettingsViewController.swift */; };
		3433DC1F21B2DDA1008EA2AE /* Themes.swift in Sources */ = {isa = PBXBuildFile; fileRef = 3433DC1E21B2DDA1008EA2AE /* Themes.swift */; };
		3433DC2B21B2E8B8008EA2AE /* DarkTheme.swift in Sources */ = {isa = PBXBuildFile; fileRef = 3433DC2A21B2E8B8008EA2AE /* DarkTheme.swift */; };
		3433DC2D21B2EBA3008EA2AE /* UITableView.swift in Sources */ = {isa = PBXBuildFile; fileRef = 3433DC2C21B2EBA3008EA2AE /* UITableView.swift */; };
		3433DC2F21B2EBDC008EA2AE /* With.swift in Sources */ = {isa = PBXBuildFile; fileRef = 3433DC2E21B2EBDC008EA2AE /* With.swift */; };
		3433DC3121B2EC3B008EA2AE /* UIView.swift in Sources */ = {isa = PBXBuildFile; fileRef = 3433DC3021B2EC3B008EA2AE /* UIView.swift */; };
		3433DC3321B2EC5C008EA2AE /* UIWindow.swift in Sources */ = {isa = PBXBuildFile; fileRef = 3433DC3221B2EC5C008EA2AE /* UIWindow.swift */; };
		3433DC3521B2ECB3008EA2AE /* AppButton.swift in Sources */ = {isa = PBXBuildFile; fileRef = 3433DC3421B2ECB3008EA2AE /* AppButton.swift */; };
		3433DC3721B2ECCD008EA2AE /* AppLable.swift in Sources */ = {isa = PBXBuildFile; fileRef = 3433DC3621B2ECCD008EA2AE /* AppLable.swift */; };
		3433DC3D21B2ED3F008EA2AE /* AppView.swift in Sources */ = {isa = PBXBuildFile; fileRef = 3433DC3C21B2ED3F008EA2AE /* AppView.swift */; };
		3433DC4121B2F405008EA2AE /* LightTheme.swift in Sources */ = {isa = PBXBuildFile; fileRef = 3433DC4021B2F405008EA2AE /* LightTheme.swift */; };
		3491816B21EE3F1A008E679C /* MusicMatchSongDetailDatasource.swift in Sources */ = {isa = PBXBuildFile; fileRef = 3491816A21EE3F1A008E679C /* MusicMatchSongDetailDatasource.swift */; };
		3491FD1921FC6BCD00CE700D /* AppMiniPlayer.swift in Sources */ = {isa = PBXBuildFile; fileRef = 3491FD1821FC6BCD00CE700D /* AppMiniPlayer.swift */; };
		3491FD1B21FC6E0700CE700D /* AppTextField.swift in Sources */ = {isa = PBXBuildFile; fileRef = 3491FD1A21FC6E0700CE700D /* AppTextField.swift */; };
		349A1CFC21FB60D400869A13 /* LyricsViewController.swift in Sources */ = {isa = PBXBuildFile; fileRef = 349A1CFB21FB60D400869A13 /* LyricsViewController.swift */; };
		34A2F4B72200861800B2224B /* DataSourceManager.swift in Sources */ = {isa = PBXBuildFile; fileRef = 34A2F4B62200861800B2224B /* DataSourceManager.swift */; };
		34A68C1221FBB517003270CA /* AppTextView.swift in Sources */ = {isa = PBXBuildFile; fileRef = 34A68C1121FBB517003270CA /* AppTextView.swift */; };
		34A68C1421FBBAD2003270CA /* ThemeSwitcher.swift in Sources */ = {isa = PBXBuildFile; fileRef = 34A68C1321FBBAD2003270CA /* ThemeSwitcher.swift */; };
		376D67662836F202ED134424 /* Pods_iBach.framework in Frameworks */ = {isa = PBXBuildFile; fileRef = E5CF1E8AE6D0B501D0529BD7 /* Pods_iBach.framework */; };
		42421AFF2200B8D900D8A73D /* SongInfo.swift in Sources */ = {isa = PBXBuildFile; fileRef = 42421AFE2200B8D900D8A73D /* SongInfo.swift */; };
		42421B012200BC5600D8A73D /* SimilarTracks.swift in Sources */ = {isa = PBXBuildFile; fileRef = 42421B002200BC5600D8A73D /* SimilarTracks.swift */; };
		4C594CD521FCF9F7001FD314 /* UIAlertControllerWithTextField.swift in Sources */ = {isa = PBXBuildFile; fileRef = 4C594CD421FCF9F7001FD314 /* UIAlertControllerWithTextField.swift */; };
		4C594CE121FF2E02001FD314 /* AddToPlaylistTableViewController.swift in Sources */ = {isa = PBXBuildFile; fileRef = 4C594CE021FF2E02001FD314 /* AddToPlaylistTableViewController.swift */; };
		4C838E1C21FCA2AB00D25BFA /* PlaylistDetailsTableViewController.swift in Sources */ = {isa = PBXBuildFile; fileRef = 4C838E1B21FCA2AB00D25BFA /* PlaylistDetailsTableViewController.swift */; };
		92B8E3F78A0B73F7841EF77E /* Pods_iBachTests.framework in Frameworks */ = {isa = PBXBuildFile; fileRef = D62423B824CEF2E51F3AE3CF /* Pods_iBachTests.framework */; };
		933A5D9721B2D19F009ED123 /* AccountTableViewController.swift in Sources */ = {isa = PBXBuildFile; fileRef = 933A5D9621B2D19F009ED123 /* AccountTableViewController.swift */; };
		9353236821FDB2620096AA99 /* SongsTableViewController.swift in Sources */ = {isa = PBXBuildFile; fileRef = 9353236721FDB2620096AA99 /* SongsTableViewController.swift */; };
		93F887E021FD0905007D752E /* CreatePlaylistViewController.swift in Sources */ = {isa = PBXBuildFile; fileRef = 93F887DF21FD0905007D752E /* CreatePlaylistViewController.swift */; };
		93F887E221FD0F34007D752E /* ChooseSongsViewController.swift in Sources */ = {isa = PBXBuildFile; fileRef = 93F887E121FD0F34007D752E /* ChooseSongsViewController.swift */; };
		9C00EFE021A5EA9A00B9798A /* Login.storyboard in Resources */ = {isa = PBXBuildFile; fileRef = 9C00EFDF21A5EA9A00B9798A /* Login.storyboard */; };
		9C00EFEA21A6C50300B9798A /* LoginViewController.swift in Sources */ = {isa = PBXBuildFile; fileRef = 9C00EFE921A6C50300B9798A /* LoginViewController.swift */; };
		9C0CC19521B2F98F005DEFB0 /* Song.swift in Sources */ = {isa = PBXBuildFile; fileRef = 9C0CC19421B2F98F005DEFB0 /* Song.swift */; };
		9C1B244621FF01C90003AE33 /* SongsTableViewCell.swift in Sources */ = {isa = PBXBuildFile; fileRef = 9C1B244521FF01C90003AE33 /* SongsTableViewCell.swift */; };
		9C23D17E21B984E80047D958 /* MusicPlayer.swift in Sources */ = {isa = PBXBuildFile; fileRef = 9C23D17D21B984E80047D958 /* MusicPlayer.swift */; };
		9C42E2FB21A7327900ED8A63 /* HTTPRequest.swift in Sources */ = {isa = PBXBuildFile; fileRef = 9C42E2FA21A7327900ED8A63 /* HTTPRequest.swift */; };
		9C42E2FD21A8169800ED8A63 /* User.swift in Sources */ = {isa = PBXBuildFile; fileRef = 9C42E2FC21A8169800ED8A63 /* User.swift */; };
		9C5734F921BB149B002797EB /* PlaylistsTableViewController.swift in Sources */ = {isa = PBXBuildFile; fileRef = 9C5734F821BB149B002797EB /* PlaylistsTableViewController.swift */; };
		9C5734FB21BB14AD002797EB /* PlaylistsTableViewCell.swift in Sources */ = {isa = PBXBuildFile; fileRef = 9C5734FA21BB14AD002797EB /* PlaylistsTableViewCell.swift */; };
		9C5734FD21BB1535002797EB /* Playlist.swift in Sources */ = {isa = PBXBuildFile; fileRef = 9C5734FC21BB1535002797EB /* Playlist.swift */; };
		9C9C511321B583200002ADE2 /* Favorites.storyboard in Resources */ = {isa = PBXBuildFile; fileRef = 9C9C511221B583200002ADE2 /* Favorites.storyboard */; };
		9C9C511621B584420002ADE2 /* Playlists.storyboard in Resources */ = {isa = PBXBuildFile; fileRef = 9C9C511521B584420002ADE2 /* Playlists.storyboard */; };
		9C9C511821B5C0FD0002ADE2 /* MusicViewController.swift in Sources */ = {isa = PBXBuildFile; fileRef = 9C9C511721B5C0FD0002ADE2 /* MusicViewController.swift */; };
		9CA6972B21B9AB71003BF5A3 /* FavoriteSongTableViewCell.swift in Sources */ = {isa = PBXBuildFile; fileRef = 9CA6972A21B9AB71003BF5A3 /* FavoriteSongTableViewCell.swift */; };
		9CA6972D21B9AC32003BF5A3 /* FavoritesTableViewController.swift in Sources */ = {isa = PBXBuildFile; fileRef = 9CA6972C21B9AC32003BF5A3 /* FavoritesTableViewController.swift */; };
		9CA8AE4C21B2DF0500E62A5A /* TrackTableViewCell.swift in Sources */ = {isa = PBXBuildFile; fileRef = 9CA8AE4B21B2DF0500E62A5A /* TrackTableViewCell.swift */; };
		9CB9F62D21A9565100177DC7 /* Account.storyboard in Resources */ = {isa = PBXBuildFile; fileRef = 9CB9F62C21A9565100177DC7 /* Account.storyboard */; };
		9CB9F63121A957B300177DC7 /* Music.storyboard in Resources */ = {isa = PBXBuildFile; fileRef = 9CB9F63021A957B300177DC7 /* Music.storyboard */; };
		9CC91CB42195B76700FE8582 /* Switcher.swift in Sources */ = {isa = PBXBuildFile; fileRef = 9CC91CB32195B76700FE8582 /* Switcher.swift */; };
		9CCCC76D21AB2DFE005BCB01 /* Registration.storyboard in Resources */ = {isa = PBXBuildFile; fileRef = 9CCCC76C21AB2DFE005BCB01 /* Registration.storyboard */; };
		9CCCC76F21AB2E15005BCB01 /* RegistrationTableViewController.swift in Sources */ = {isa = PBXBuildFile; fileRef = 9CCCC76E21AB2E15005BCB01 /* RegistrationTableViewController.swift */; };
		9CCCC77321AB3C7D005BCB01 /* RegistrationViewController.swift in Sources */ = {isa = PBXBuildFile; fileRef = 9CCCC77221AB3C7D005BCB01 /* RegistrationViewController.swift */; };
		9CF12FAC219050F300871893 /* AppDelegate.swift in Sources */ = {isa = PBXBuildFile; fileRef = 9CF12FAB219050F300871893 /* AppDelegate.swift */; };
		9CF12FAE219050F300871893 /* ViewController.swift in Sources */ = {isa = PBXBuildFile; fileRef = 9CF12FAD219050F300871893 /* ViewController.swift */; };
		9CF12FB1219050F300871893 /* Main.storyboard in Resources */ = {isa = PBXBuildFile; fileRef = 9CF12FAF219050F300871893 /* Main.storyboard */; };
		9CF12FB3219050F500871893 /* Assets.xcassets in Resources */ = {isa = PBXBuildFile; fileRef = 9CF12FB2219050F500871893 /* Assets.xcassets */; };
		9CF12FB6219050F500871893 /* LaunchScreen.storyboard in Resources */ = {isa = PBXBuildFile; fileRef = 9CF12FB4219050F500871893 /* LaunchScreen.storyboard */; };
		9CF12FC1219050F500871893 /* iBachTests.swift in Sources */ = {isa = PBXBuildFile; fileRef = 9CF12FC0219050F500871893 /* iBachTests.swift */; };
		9CF12FCC219050F500871893 /* iBachUITests.swift in Sources */ = {isa = PBXBuildFile; fileRef = 9CF12FCB219050F500871893 /* iBachUITests.swift */; };
		9D05965521EE1DFD0096DFD0 /* MiniPlayerViewController.swift in Sources */ = {isa = PBXBuildFile; fileRef = 9D05965421EE1DFD0096DFD0 /* MiniPlayerViewController.swift */; };
		9D05965721EE2DA80096DFD0 /* RootView.swift in Sources */ = {isa = PBXBuildFile; fileRef = 9D05965621EE2DA80096DFD0 /* RootView.swift */; };
		9D05965921EE30180096DFD0 /* RootTabBarViewController.swift in Sources */ = {isa = PBXBuildFile; fileRef = 9D05965821EE30180096DFD0 /* RootTabBarViewController.swift */; };
		9D83666B21ED293400A73541 /* LargePlayer.storyboard in Resources */ = {isa = PBXBuildFile; fileRef = 9D83666A21ED293400A73541 /* LargePlayer.storyboard */; };
		9D83666D21ED2A7F00A73541 /* MusicPlayerViewController.swift in Sources */ = {isa = PBXBuildFile; fileRef = 9D83666C21ED2A7F00A73541 /* MusicPlayerViewController.swift */; };
/* End PBXBuildFile section */

/* Begin PBXContainerItemProxy section */
		9CF12FBD219050F500871893 /* PBXContainerItemProxy */ = {
			isa = PBXContainerItemProxy;
			containerPortal = 9CF12FA0219050F300871893 /* Project object */;
			proxyType = 1;
			remoteGlobalIDString = 9CF12FA7219050F300871893;
			remoteInfo = iBach;
		};
		9CF12FC8219050F500871893 /* PBXContainerItemProxy */ = {
			isa = PBXContainerItemProxy;
			containerPortal = 9CF12FA0219050F300871893 /* Project object */;
			proxyType = 1;
			remoteGlobalIDString = 9CF12FA7219050F300871893;
			remoteInfo = iBach;
		};
/* End PBXContainerItemProxy section */

/* Begin PBXFileReference section */
		16C4C6196766FE384F966BE4 /* Pods-iBachTests.release.xcconfig */ = {isa = PBXFileReference; includeInIndex = 1; lastKnownFileType = text.xcconfig; name = "Pods-iBachTests.release.xcconfig"; path = "Pods/Target Support Files/Pods-iBachTests/Pods-iBachTests.release.xcconfig"; sourceTree = "<group>"; };
		258327AC3A2BA3E12996669F /* Pods-iBachUITests.release.xcconfig */ = {isa = PBXFileReference; includeInIndex = 1; lastKnownFileType = text.xcconfig; name = "Pods-iBachUITests.release.xcconfig"; path = "Pods/Target Support Files/Pods-iBachUITests/Pods-iBachUITests.release.xcconfig"; sourceTree = "<group>"; };
		34250FFD21ED218A008CB7FD /* SongDetailDatasource.swift */ = {isa = PBXFileReference; lastKnownFileType = sourcecode.swift; path = SongDetailDatasource.swift; sourceTree = "<group>"; };
		34250FFF21ED2B31008CB7FD /* BlueTheme.swift */ = {isa = PBXFileReference; lastKnownFileType = sourcecode.swift; path = BlueTheme.swift; sourceTree = "<group>"; };
		3433DC1921B2D15E008EA2AE /* Settings.storyboard */ = {isa = PBXFileReference; lastKnownFileType = file.storyboard; path = Settings.storyboard; sourceTree = "<group>"; };
		3433DC1B21B2D609008EA2AE /* SettingsViewController.swift */ = {isa = PBXFileReference; lastKnownFileType = sourcecode.swift; path = SettingsViewController.swift; sourceTree = "<group>"; };
		3433DC1E21B2DDA1008EA2AE /* Themes.swift */ = {isa = PBXFileReference; lastKnownFileType = sourcecode.swift; path = Themes.swift; sourceTree = "<group>"; };
		3433DC2A21B2E8B8008EA2AE /* DarkTheme.swift */ = {isa = PBXFileReference; lastKnownFileType = sourcecode.swift; path = DarkTheme.swift; sourceTree = "<group>"; };
		3433DC2C21B2EBA3008EA2AE /* UITableView.swift */ = {isa = PBXFileReference; lastKnownFileType = sourcecode.swift; path = UITableView.swift; sourceTree = "<group>"; };
		3433DC2E21B2EBDC008EA2AE /* With.swift */ = {isa = PBXFileReference; lastKnownFileType = sourcecode.swift; path = With.swift; sourceTree = "<group>"; };
		3433DC3021B2EC3B008EA2AE /* UIView.swift */ = {isa = PBXFileReference; lastKnownFileType = sourcecode.swift; path = UIView.swift; sourceTree = "<group>"; };
		3433DC3221B2EC5C008EA2AE /* UIWindow.swift */ = {isa = PBXFileReference; lastKnownFileType = sourcecode.swift; path = UIWindow.swift; sourceTree = "<group>"; };
		3433DC3421B2ECB3008EA2AE /* AppButton.swift */ = {isa = PBXFileReference; lastKnownFileType = sourcecode.swift; path = AppButton.swift; sourceTree = "<group>"; };
		3433DC3621B2ECCD008EA2AE /* AppLable.swift */ = {isa = PBXFileReference; lastKnownFileType = sourcecode.swift; path = AppLable.swift; sourceTree = "<group>"; };
		3433DC3C21B2ED3F008EA2AE /* AppView.swift */ = {isa = PBXFileReference; lastKnownFileType = sourcecode.swift; path = AppView.swift; sourceTree = "<group>"; };
		3433DC4021B2F405008EA2AE /* LightTheme.swift */ = {isa = PBXFileReference; lastKnownFileType = sourcecode.swift; path = LightTheme.swift; sourceTree = "<group>"; };
		3491816A21EE3F1A008E679C /* MusicMatchSongDetailDatasource.swift */ = {isa = PBXFileReference; lastKnownFileType = sourcecode.swift; path = MusicMatchSongDetailDatasource.swift; sourceTree = "<group>"; };
		3491FD1821FC6BCD00CE700D /* AppMiniPlayer.swift */ = {isa = PBXFileReference; lastKnownFileType = sourcecode.swift; path = AppMiniPlayer.swift; sourceTree = "<group>"; };
		3491FD1A21FC6E0700CE700D /* AppTextField.swift */ = {isa = PBXFileReference; lastKnownFileType = sourcecode.swift; path = AppTextField.swift; sourceTree = "<group>"; };
		349A1CFB21FB60D400869A13 /* LyricsViewController.swift */ = {isa = PBXFileReference; lastKnownFileType = sourcecode.swift; path = LyricsViewController.swift; sourceTree = "<group>"; };
		34A2F4B62200861800B2224B /* DataSourceManager.swift */ = {isa = PBXFileReference; lastKnownFileType = sourcecode.swift; path = DataSourceManager.swift; sourceTree = "<group>"; };
		34A68C1121FBB517003270CA /* AppTextView.swift */ = {isa = PBXFileReference; lastKnownFileType = sourcecode.swift; path = AppTextView.swift; sourceTree = "<group>"; };
		34A68C1321FBBAD2003270CA /* ThemeSwitcher.swift */ = {isa = PBXFileReference; lastKnownFileType = sourcecode.swift; path = ThemeSwitcher.swift; sourceTree = "<group>"; };
		42421AFE2200B8D900D8A73D /* SongInfo.swift */ = {isa = PBXFileReference; lastKnownFileType = sourcecode.swift; path = SongInfo.swift; sourceTree = "<group>"; };
		42421B002200BC5600D8A73D /* SimilarTracks.swift */ = {isa = PBXFileReference; lastKnownFileType = sourcecode.swift; path = SimilarTracks.swift; sourceTree = "<group>"; };
		4C594CD421FCF9F7001FD314 /* UIAlertControllerWithTextField.swift */ = {isa = PBXFileReference; fileEncoding = 4; lastKnownFileType = sourcecode.swift; path = UIAlertControllerWithTextField.swift; sourceTree = "<group>"; };
		4C594CE021FF2E02001FD314 /* AddToPlaylistTableViewController.swift */ = {isa = PBXFileReference; lastKnownFileType = sourcecode.swift; path = AddToPlaylistTableViewController.swift; sourceTree = "<group>"; };
		4C838E1B21FCA2AB00D25BFA /* PlaylistDetailsTableViewController.swift */ = {isa = PBXFileReference; lastKnownFileType = sourcecode.swift; path = PlaylistDetailsTableViewController.swift; sourceTree = "<group>"; };
		917766B6C3AF7B5ED1697F56 /* Pods-iBach.release.xcconfig */ = {isa = PBXFileReference; includeInIndex = 1; lastKnownFileType = text.xcconfig; name = "Pods-iBach.release.xcconfig"; path = "Pods/Target Support Files/Pods-iBach/Pods-iBach.release.xcconfig"; sourceTree = "<group>"; };
		92784A192B37ADA074113A88 /* Pods-iBachTests.debug.xcconfig */ = {isa = PBXFileReference; includeInIndex = 1; lastKnownFileType = text.xcconfig; name = "Pods-iBachTests.debug.xcconfig"; path = "Pods/Target Support Files/Pods-iBachTests/Pods-iBachTests.debug.xcconfig"; sourceTree = "<group>"; };
		933A5D9621B2D19F009ED123 /* AccountTableViewController.swift */ = {isa = PBXFileReference; lastKnownFileType = sourcecode.swift; path = AccountTableViewController.swift; sourceTree = "<group>"; };
		9353236721FDB2620096AA99 /* SongsTableViewController.swift */ = {isa = PBXFileReference; lastKnownFileType = sourcecode.swift; path = SongsTableViewController.swift; sourceTree = "<group>"; };
		93F887DF21FD0905007D752E /* CreatePlaylistViewController.swift */ = {isa = PBXFileReference; lastKnownFileType = sourcecode.swift; path = CreatePlaylistViewController.swift; sourceTree = "<group>"; };
		93F887E121FD0F34007D752E /* ChooseSongsViewController.swift */ = {isa = PBXFileReference; lastKnownFileType = sourcecode.swift; path = ChooseSongsViewController.swift; sourceTree = "<group>"; };
		984B9AAF6BA00B7FA15F9645 /* Pods-iBach.debug.xcconfig */ = {isa = PBXFileReference; includeInIndex = 1; lastKnownFileType = text.xcconfig; name = "Pods-iBach.debug.xcconfig"; path = "Pods/Target Support Files/Pods-iBach/Pods-iBach.debug.xcconfig"; sourceTree = "<group>"; };
		9C00EFDF21A5EA9A00B9798A /* Login.storyboard */ = {isa = PBXFileReference; lastKnownFileType = file.storyboard; path = Login.storyboard; sourceTree = "<group>"; };
		9C00EFE921A6C50300B9798A /* LoginViewController.swift */ = {isa = PBXFileReference; lastKnownFileType = sourcecode.swift; path = LoginViewController.swift; sourceTree = "<group>"; };
		9C0CC19421B2F98F005DEFB0 /* Song.swift */ = {isa = PBXFileReference; lastKnownFileType = sourcecode.swift; path = Song.swift; sourceTree = "<group>"; };
		9C1B244521FF01C90003AE33 /* SongsTableViewCell.swift */ = {isa = PBXFileReference; lastKnownFileType = sourcecode.swift; path = SongsTableViewCell.swift; sourceTree = "<group>"; };
		9C23D17D21B984E80047D958 /* MusicPlayer.swift */ = {isa = PBXFileReference; lastKnownFileType = sourcecode.swift; path = MusicPlayer.swift; sourceTree = "<group>"; };
		9C42E2FA21A7327900ED8A63 /* HTTPRequest.swift */ = {isa = PBXFileReference; lastKnownFileType = sourcecode.swift; path = HTTPRequest.swift; sourceTree = "<group>"; };
		9C42E2FC21A8169800ED8A63 /* User.swift */ = {isa = PBXFileReference; lastKnownFileType = sourcecode.swift; path = User.swift; sourceTree = "<group>"; };
		9C5734F821BB149B002797EB /* PlaylistsTableViewController.swift */ = {isa = PBXFileReference; lastKnownFileType = sourcecode.swift; path = PlaylistsTableViewController.swift; sourceTree = "<group>"; };
		9C5734FA21BB14AD002797EB /* PlaylistsTableViewCell.swift */ = {isa = PBXFileReference; lastKnownFileType = sourcecode.swift; path = PlaylistsTableViewCell.swift; sourceTree = "<group>"; };
		9C5734FC21BB1535002797EB /* Playlist.swift */ = {isa = PBXFileReference; lastKnownFileType = sourcecode.swift; path = Playlist.swift; sourceTree = "<group>"; };
		9C9C511221B583200002ADE2 /* Favorites.storyboard */ = {isa = PBXFileReference; lastKnownFileType = file.storyboard; path = Favorites.storyboard; sourceTree = "<group>"; };
		9C9C511521B584420002ADE2 /* Playlists.storyboard */ = {isa = PBXFileReference; lastKnownFileType = file.storyboard; path = Playlists.storyboard; sourceTree = "<group>"; };
		9C9C511721B5C0FD0002ADE2 /* MusicViewController.swift */ = {isa = PBXFileReference; lastKnownFileType = sourcecode.swift; path = MusicViewController.swift; sourceTree = "<group>"; };
		9CA6972A21B9AB71003BF5A3 /* FavoriteSongTableViewCell.swift */ = {isa = PBXFileReference; lastKnownFileType = sourcecode.swift; path = FavoriteSongTableViewCell.swift; sourceTree = "<group>"; };
		9CA6972C21B9AC32003BF5A3 /* FavoritesTableViewController.swift */ = {isa = PBXFileReference; lastKnownFileType = sourcecode.swift; path = FavoritesTableViewController.swift; sourceTree = "<group>"; };
		9CA8AE4B21B2DF0500E62A5A /* TrackTableViewCell.swift */ = {isa = PBXFileReference; lastKnownFileType = sourcecode.swift; path = TrackTableViewCell.swift; sourceTree = "<group>"; };
		9CB9F62C21A9565100177DC7 /* Account.storyboard */ = {isa = PBXFileReference; lastKnownFileType = file.storyboard; path = Account.storyboard; sourceTree = "<group>"; };
		9CB9F63021A957B300177DC7 /* Music.storyboard */ = {isa = PBXFileReference; lastKnownFileType = file.storyboard; path = Music.storyboard; sourceTree = "<group>"; };
		9CC91CB32195B76700FE8582 /* Switcher.swift */ = {isa = PBXFileReference; lastKnownFileType = sourcecode.swift; path = Switcher.swift; sourceTree = "<group>"; };
		9CCCC76C21AB2DFE005BCB01 /* Registration.storyboard */ = {isa = PBXFileReference; lastKnownFileType = file.storyboard; path = Registration.storyboard; sourceTree = "<group>"; };
		9CCCC76E21AB2E15005BCB01 /* RegistrationTableViewController.swift */ = {isa = PBXFileReference; lastKnownFileType = sourcecode.swift; path = RegistrationTableViewController.swift; sourceTree = "<group>"; };
		9CCCC77221AB3C7D005BCB01 /* RegistrationViewController.swift */ = {isa = PBXFileReference; lastKnownFileType = sourcecode.swift; path = RegistrationViewController.swift; sourceTree = "<group>"; };
		9CF12FA8219050F300871893 /* iBach.app */ = {isa = PBXFileReference; explicitFileType = wrapper.application; includeInIndex = 0; path = iBach.app; sourceTree = BUILT_PRODUCTS_DIR; };
		9CF12FAB219050F300871893 /* AppDelegate.swift */ = {isa = PBXFileReference; lastKnownFileType = sourcecode.swift; path = AppDelegate.swift; sourceTree = "<group>"; };
		9CF12FAD219050F300871893 /* ViewController.swift */ = {isa = PBXFileReference; lastKnownFileType = sourcecode.swift; path = ViewController.swift; sourceTree = "<group>"; };
		9CF12FB0219050F300871893 /* Base */ = {isa = PBXFileReference; lastKnownFileType = file.storyboard; name = Base; path = Base.lproj/Main.storyboard; sourceTree = "<group>"; };
		9CF12FB2219050F500871893 /* Assets.xcassets */ = {isa = PBXFileReference; lastKnownFileType = folder.assetcatalog; path = Assets.xcassets; sourceTree = "<group>"; };
		9CF12FB5219050F500871893 /* Base */ = {isa = PBXFileReference; lastKnownFileType = file.storyboard; name = Base; path = Base.lproj/LaunchScreen.storyboard; sourceTree = "<group>"; };
		9CF12FB7219050F500871893 /* Info.plist */ = {isa = PBXFileReference; lastKnownFileType = text.plist.xml; path = Info.plist; sourceTree = "<group>"; };
		9CF12FBC219050F500871893 /* iBachTests.xctest */ = {isa = PBXFileReference; explicitFileType = wrapper.cfbundle; includeInIndex = 0; path = iBachTests.xctest; sourceTree = BUILT_PRODUCTS_DIR; };
		9CF12FC0219050F500871893 /* iBachTests.swift */ = {isa = PBXFileReference; lastKnownFileType = sourcecode.swift; path = iBachTests.swift; sourceTree = "<group>"; };
		9CF12FC2219050F500871893 /* Info.plist */ = {isa = PBXFileReference; lastKnownFileType = text.plist.xml; path = Info.plist; sourceTree = "<group>"; };
		9CF12FC7219050F500871893 /* iBachUITests.xctest */ = {isa = PBXFileReference; explicitFileType = wrapper.cfbundle; includeInIndex = 0; path = iBachUITests.xctest; sourceTree = BUILT_PRODUCTS_DIR; };
		9CF12FCB219050F500871893 /* iBachUITests.swift */ = {isa = PBXFileReference; lastKnownFileType = sourcecode.swift; path = iBachUITests.swift; sourceTree = "<group>"; };
		9CF12FCD219050F500871893 /* Info.plist */ = {isa = PBXFileReference; lastKnownFileType = text.plist.xml; path = Info.plist; sourceTree = "<group>"; };
		9D05965421EE1DFD0096DFD0 /* MiniPlayerViewController.swift */ = {isa = PBXFileReference; lastKnownFileType = sourcecode.swift; path = MiniPlayerViewController.swift; sourceTree = "<group>"; };
		9D05965621EE2DA80096DFD0 /* RootView.swift */ = {isa = PBXFileReference; lastKnownFileType = sourcecode.swift; path = RootView.swift; sourceTree = "<group>"; };
		9D05965821EE30180096DFD0 /* RootTabBarViewController.swift */ = {isa = PBXFileReference; lastKnownFileType = sourcecode.swift; path = RootTabBarViewController.swift; sourceTree = "<group>"; };
		9D83666A21ED293400A73541 /* LargePlayer.storyboard */ = {isa = PBXFileReference; lastKnownFileType = file.storyboard; path = LargePlayer.storyboard; sourceTree = "<group>"; };
		9D83666C21ED2A7F00A73541 /* MusicPlayerViewController.swift */ = {isa = PBXFileReference; lastKnownFileType = sourcecode.swift; path = MusicPlayerViewController.swift; sourceTree = "<group>"; };
		BD42BC63A36BD04D8C6F6AB4 /* Pods_iBachUITests.framework */ = {isa = PBXFileReference; explicitFileType = wrapper.framework; includeInIndex = 0; path = Pods_iBachUITests.framework; sourceTree = BUILT_PRODUCTS_DIR; };
		D62423B824CEF2E51F3AE3CF /* Pods_iBachTests.framework */ = {isa = PBXFileReference; explicitFileType = wrapper.framework; includeInIndex = 0; path = Pods_iBachTests.framework; sourceTree = BUILT_PRODUCTS_DIR; };
		E5CF1E8AE6D0B501D0529BD7 /* Pods_iBach.framework */ = {isa = PBXFileReference; explicitFileType = wrapper.framework; includeInIndex = 0; path = Pods_iBach.framework; sourceTree = BUILT_PRODUCTS_DIR; };
		F8F7FD372C92911759991267 /* Pods-iBachUITests.debug.xcconfig */ = {isa = PBXFileReference; includeInIndex = 1; lastKnownFileType = text.xcconfig; name = "Pods-iBachUITests.debug.xcconfig"; path = "Pods/Target Support Files/Pods-iBachUITests/Pods-iBachUITests.debug.xcconfig"; sourceTree = "<group>"; };
/* End PBXFileReference section */

/* Begin PBXFrameworksBuildPhase section */
		9CF12FA5219050F300871893 /* Frameworks */ = {
			isa = PBXFrameworksBuildPhase;
			buildActionMask = 2147483647;
			files = (
				376D67662836F202ED134424 /* Pods_iBach.framework in Frameworks */,
			);
			runOnlyForDeploymentPostprocessing = 0;
		};
		9CF12FB9219050F500871893 /* Frameworks */ = {
			isa = PBXFrameworksBuildPhase;
			buildActionMask = 2147483647;
			files = (
				92B8E3F78A0B73F7841EF77E /* Pods_iBachTests.framework in Frameworks */,
			);
			runOnlyForDeploymentPostprocessing = 0;
		};
		9CF12FC4219050F500871893 /* Frameworks */ = {
			isa = PBXFrameworksBuildPhase;
			buildActionMask = 2147483647;
			files = (
				10FBFE547810C7254FD4EA70 /* Pods_iBachUITests.framework in Frameworks */,
			);
			runOnlyForDeploymentPostprocessing = 0;
		};
/* End PBXFrameworksBuildPhase section */

/* Begin PBXGroup section */
		34250FFC21ED1F40008CB7FD /* Song Detail */ = {
			isa = PBXGroup;
			children = (
				34250FFD21ED218A008CB7FD /* SongDetailDatasource.swift */,
				3491816A21EE3F1A008E679C /* MusicMatchSongDetailDatasource.swift */,
				34A2F4B62200861800B2224B /* DataSourceManager.swift */,
				42421AFE2200B8D900D8A73D /* SongInfo.swift */,
				42421B002200BC5600D8A73D /* SimilarTracks.swift */,
			);
			path = "Song Detail";
			sourceTree = "<group>";
		};
		3433DC1821B2D125008EA2AE /* Settings */ = {
			isa = PBXGroup;
			children = (
				3433DC1921B2D15E008EA2AE /* Settings.storyboard */,
				3433DC1B21B2D609008EA2AE /* SettingsViewController.swift */,
			);
			path = Settings;
			sourceTree = "<group>";
		};
		3433DC1D21B2DD79008EA2AE /* Themes */ = {
			isa = PBXGroup;
			children = (
				3433DC3F21B2EE0D008EA2AE /* Extensions */,
				3433DC3E21B2EDB5008EA2AE /* Controls */,
				3433DC1E21B2DDA1008EA2AE /* Themes.swift */,
				3433DC2A21B2E8B8008EA2AE /* DarkTheme.swift */,
				3433DC4021B2F405008EA2AE /* LightTheme.swift */,
				34250FFF21ED2B31008CB7FD /* BlueTheme.swift */,
				34A68C1321FBBAD2003270CA /* ThemeSwitcher.swift */,
			);
			path = Themes;
			sourceTree = "<group>";
		};
		3433DC3E21B2EDB5008EA2AE /* Controls */ = {
			isa = PBXGroup;
			children = (
				3433DC3421B2ECB3008EA2AE /* AppButton.swift */,
				3433DC3621B2ECCD008EA2AE /* AppLable.swift */,
				3433DC3C21B2ED3F008EA2AE /* AppView.swift */,
				34A68C1121FBB517003270CA /* AppTextView.swift */,
				3491FD1821FC6BCD00CE700D /* AppMiniPlayer.swift */,
				3491FD1A21FC6E0700CE700D /* AppTextField.swift */,
			);
			path = Controls;
			sourceTree = "<group>";
		};
		3433DC3F21B2EE0D008EA2AE /* Extensions */ = {
			isa = PBXGroup;
			children = (
				3433DC2C21B2EBA3008EA2AE /* UITableView.swift */,
				3433DC2E21B2EBDC008EA2AE /* With.swift */,
				3433DC3021B2EC3B008EA2AE /* UIView.swift */,
				3433DC3221B2EC5C008EA2AE /* UIWindow.swift */,
			);
			path = Extensions;
			sourceTree = "<group>";
		};
		6BA965E1279B7354AA56C0AE /* Frameworks */ = {
			isa = PBXGroup;
			children = (
				E5CF1E8AE6D0B501D0529BD7 /* Pods_iBach.framework */,
				D62423B824CEF2E51F3AE3CF /* Pods_iBachTests.framework */,
				BD42BC63A36BD04D8C6F6AB4 /* Pods_iBachUITests.framework */,
			);
			name = Frameworks;
			sourceTree = "<group>";
		};
		9C00EFD721A5BB2F00B9798A /* Classes */ = {
			isa = PBXGroup;
			children = (
				9C00EFDA21A5BB5300B9798A /* Networking */,
				9C00EFD921A5BB3E00B9798A /* Common */,
				9C00EFD821A5BB3500B9798A /* Modules */,
			);
			path = Classes;
			sourceTree = "<group>";
		};
		9C00EFD821A5BB3500B9798A /* Modules */ = {
			isa = PBXGroup;
			children = (
				34250FFC21ED1F40008CB7FD /* Song Detail */,
				3433DC1D21B2DD79008EA2AE /* Themes */,
				3433DC1821B2D125008EA2AE /* Settings */,
				9C23D17C21B984BA0047D958 /* Player */,
				9C9C511421B584330002ADE2 /* Playlists */,
				9C9C511121B582FE0002ADE2 /* Favorites */,
				9CCCC76B21AB2DAA005BCB01 /* Registration */,
				9C00EFE621A6C45100B9798A /* Music */,
				9C00EFE321A5F59E00B9798A /* Account */,
				9C00EFDB21A5BB6800B9798A /* Login */,
			);
			path = Modules;
			sourceTree = "<group>";
		};
		9C00EFD921A5BB3E00B9798A /* Common */ = {
			isa = PBXGroup;
			children = (
				4C594CD421FCF9F7001FD314 /* UIAlertControllerWithTextField.swift */,
				9C00EFDC21A5BB7200B9798A /* Uitites */,
			);
			path = Common;
			sourceTree = "<group>";
		};
		9C00EFDA21A5BB5300B9798A /* Networking */ = {
			isa = PBXGroup;
			children = (
				9C42E2FA21A7327900ED8A63 /* HTTPRequest.swift */,
			);
			path = Networking;
			sourceTree = "<group>";
		};
		9C00EFDB21A5BB6800B9798A /* Login */ = {
			isa = PBXGroup;
			children = (
				9C00EFDF21A5EA9A00B9798A /* Login.storyboard */,
				9C00EFE921A6C50300B9798A /* LoginViewController.swift */,
			);
			path = Login;
			sourceTree = "<group>";
		};
		9C00EFDC21A5BB7200B9798A /* Uitites */ = {
			isa = PBXGroup;
			children = (
				9C42E2FC21A8169800ED8A63 /* User.swift */,
				9C0CC19421B2F98F005DEFB0 /* Song.swift */,
				9C5734FC21BB1535002797EB /* Playlist.swift */,
			);
			path = Uitites;
			sourceTree = "<group>";
		};
		9C00EFDD21A5BB7A00B9798A /* Supporting Files */ = {
			isa = PBXGroup;
			children = (
				9CF12FAB219050F300871893 /* AppDelegate.swift */,
				9CF12FAD219050F300871893 /* ViewController.swift */,
				9CF12FAF219050F300871893 /* Main.storyboard */,
				9CF12FB4219050F500871893 /* LaunchScreen.storyboard */,
				9CF12FB7219050F500871893 /* Info.plist */,
				9CC91CB32195B76700FE8582 /* Switcher.swift */,
				9D05965621EE2DA80096DFD0 /* RootView.swift */,
				9D05965821EE30180096DFD0 /* RootTabBarViewController.swift */,
			);
			path = "Supporting Files";
			sourceTree = "<group>";
		};
		9C00EFDE21A5BB8700B9798A /* Resources */ = {
			isa = PBXGroup;
			children = (
				9CF12FB2219050F500871893 /* Assets.xcassets */,
			);
			path = Resources;
			sourceTree = "<group>";
		};
		9C00EFE321A5F59E00B9798A /* Account */ = {
			isa = PBXGroup;
			children = (
				9CB9F62C21A9565100177DC7 /* Account.storyboard */,
				933A5D9621B2D19F009ED123 /* AccountTableViewController.swift */,
			);
			path = Account;
			sourceTree = "<group>";
		};
		9C00EFE621A6C45100B9798A /* Music */ = {
			isa = PBXGroup;
			children = (
				9CB9F63021A957B300177DC7 /* Music.storyboard */,
				9CA8AE4B21B2DF0500E62A5A /* TrackTableViewCell.swift */,
				9C9C511721B5C0FD0002ADE2 /* MusicViewController.swift */,
			);
			path = Music;
			sourceTree = "<group>";
		};
		9C23D17C21B984BA0047D958 /* Player */ = {
			isa = PBXGroup;
			children = (
				9C23D17D21B984E80047D958 /* MusicPlayer.swift */,
				9D83666A21ED293400A73541 /* LargePlayer.storyboard */,
				9D83666C21ED2A7F00A73541 /* MusicPlayerViewController.swift */,
				9D05965421EE1DFD0096DFD0 /* MiniPlayerViewController.swift */,
				349A1CFB21FB60D400869A13 /* LyricsViewController.swift */,
			);
			path = Player;
			sourceTree = "<group>";
		};
		9C9C511121B582FE0002ADE2 /* Favorites */ = {
			isa = PBXGroup;
			children = (
				9C9C511221B583200002ADE2 /* Favorites.storyboard */,
				9CA6972A21B9AB71003BF5A3 /* FavoriteSongTableViewCell.swift */,
				9CA6972C21B9AC32003BF5A3 /* FavoritesTableViewController.swift */,
			);
			path = Favorites;
			sourceTree = "<group>";
		};
		9C9C511421B584330002ADE2 /* Playlists */ = {
			isa = PBXGroup;
			children = (
				9C9C511521B584420002ADE2 /* Playlists.storyboard */,
				9353236721FDB2620096AA99 /* SongsTableViewController.swift */,
				9C5734F821BB149B002797EB /* PlaylistsTableViewController.swift */,
				9C5734FA21BB14AD002797EB /* PlaylistsTableViewCell.swift */,
				4C838E1B21FCA2AB00D25BFA /* PlaylistDetailsTableViewController.swift */,
				93F887DF21FD0905007D752E /* CreatePlaylistViewController.swift */,
				93F887E121FD0F34007D752E /* ChooseSongsViewController.swift */,
				9C1B244521FF01C90003AE33 /* SongsTableViewCell.swift */,
				4C594CE021FF2E02001FD314 /* AddToPlaylistTableViewController.swift */,
			);
			path = Playlists;
			sourceTree = "<group>";
		};
		9CCCC76B21AB2DAA005BCB01 /* Registration */ = {
			isa = PBXGroup;
			children = (
				9CCCC76C21AB2DFE005BCB01 /* Registration.storyboard */,
				9CCCC76E21AB2E15005BCB01 /* RegistrationTableViewController.swift */,
				9CCCC77221AB3C7D005BCB01 /* RegistrationViewController.swift */,
			);
			path = Registration;
			sourceTree = "<group>";
		};
		9CF12F9F219050F300871893 = {
			isa = PBXGroup;
			children = (
				9CF12FAA219050F300871893 /* iBach */,
				9CF12FBF219050F500871893 /* iBachTests */,
				9CF12FCA219050F500871893 /* iBachUITests */,
				9CF12FA9219050F300871893 /* Products */,
				E477E9C9626672BADEEEE222 /* Pods */,
				6BA965E1279B7354AA56C0AE /* Frameworks */,
			);
			sourceTree = "<group>";
		};
		9CF12FA9219050F300871893 /* Products */ = {
			isa = PBXGroup;
			children = (
				9CF12FA8219050F300871893 /* iBach.app */,
				9CF12FBC219050F500871893 /* iBachTests.xctest */,
				9CF12FC7219050F500871893 /* iBachUITests.xctest */,
			);
			name = Products;
			sourceTree = "<group>";
		};
		9CF12FAA219050F300871893 /* iBach */ = {
			isa = PBXGroup;
			children = (
				9C00EFDE21A5BB8700B9798A /* Resources */,
				9C00EFDD21A5BB7A00B9798A /* Supporting Files */,
				9C00EFD721A5BB2F00B9798A /* Classes */,
			);
			path = iBach;
			sourceTree = "<group>";
		};
		9CF12FBF219050F500871893 /* iBachTests */ = {
			isa = PBXGroup;
			children = (
				9CF12FC0219050F500871893 /* iBachTests.swift */,
				9CF12FC2219050F500871893 /* Info.plist */,
			);
			path = iBachTests;
			sourceTree = "<group>";
		};
		9CF12FCA219050F500871893 /* iBachUITests */ = {
			isa = PBXGroup;
			children = (
				9CF12FCB219050F500871893 /* iBachUITests.swift */,
				9CF12FCD219050F500871893 /* Info.plist */,
			);
			path = iBachUITests;
			sourceTree = "<group>";
		};
		E477E9C9626672BADEEEE222 /* Pods */ = {
			isa = PBXGroup;
			children = (
				984B9AAF6BA00B7FA15F9645 /* Pods-iBach.debug.xcconfig */,
				917766B6C3AF7B5ED1697F56 /* Pods-iBach.release.xcconfig */,
				92784A192B37ADA074113A88 /* Pods-iBachTests.debug.xcconfig */,
				16C4C6196766FE384F966BE4 /* Pods-iBachTests.release.xcconfig */,
				F8F7FD372C92911759991267 /* Pods-iBachUITests.debug.xcconfig */,
				258327AC3A2BA3E12996669F /* Pods-iBachUITests.release.xcconfig */,
			);
			name = Pods;
			sourceTree = "<group>";
		};
/* End PBXGroup section */

/* Begin PBXNativeTarget section */
		9CF12FA7219050F300871893 /* iBach */ = {
			isa = PBXNativeTarget;
			buildConfigurationList = 9CF12FD0219050F500871893 /* Build configuration list for PBXNativeTarget "iBach" */;
			buildPhases = (
				D3301D1013DCEBCDC9A2B39E /* [CP] Check Pods Manifest.lock */,
				9CF12FA4219050F300871893 /* Sources */,
				9CF12FA5219050F300871893 /* Frameworks */,
				9CF12FA6219050F300871893 /* Resources */,
				D9557B56A048E46C3996A119 /* [CP] Embed Pods Frameworks */,
			);
			buildRules = (
			);
			dependencies = (
			);
			name = iBach;
			productName = iBach;
			productReference = 9CF12FA8219050F300871893 /* iBach.app */;
			productType = "com.apple.product-type.application";
		};
		9CF12FBB219050F500871893 /* iBachTests */ = {
			isa = PBXNativeTarget;
			buildConfigurationList = 9CF12FD3219050F500871893 /* Build configuration list for PBXNativeTarget "iBachTests" */;
			buildPhases = (
				70325DE7FD6495D5551B7EFA /* [CP] Check Pods Manifest.lock */,
				9CF12FB8219050F500871893 /* Sources */,
				9CF12FB9219050F500871893 /* Frameworks */,
				9CF12FBA219050F500871893 /* Resources */,
			);
			buildRules = (
			);
			dependencies = (
				9CF12FBE219050F500871893 /* PBXTargetDependency */,
			);
			name = iBachTests;
			productName = iBachTests;
			productReference = 9CF12FBC219050F500871893 /* iBachTests.xctest */;
			productType = "com.apple.product-type.bundle.unit-test";
		};
		9CF12FC6219050F500871893 /* iBachUITests */ = {
			isa = PBXNativeTarget;
			buildConfigurationList = 9CF12FD6219050F500871893 /* Build configuration list for PBXNativeTarget "iBachUITests" */;
			buildPhases = (
				1DF23F881133D39D366D529D /* [CP] Check Pods Manifest.lock */,
				9CF12FC3219050F500871893 /* Sources */,
				9CF12FC4219050F500871893 /* Frameworks */,
				9CF12FC5219050F500871893 /* Resources */,
			);
			buildRules = (
			);
			dependencies = (
				9CF12FC9219050F500871893 /* PBXTargetDependency */,
			);
			name = iBachUITests;
			productName = iBachUITests;
			productReference = 9CF12FC7219050F500871893 /* iBachUITests.xctest */;
			productType = "com.apple.product-type.bundle.ui-testing";
		};
/* End PBXNativeTarget section */

/* Begin PBXProject section */
		9CF12FA0219050F300871893 /* Project object */ = {
			isa = PBXProject;
			attributes = {
				LastSwiftUpdateCheck = 1010;
				LastUpgradeCheck = 1010;
				ORGANIZATIONNAME = "Petar Jedek";
				TargetAttributes = {
					9CF12FA7219050F300871893 = {
						CreatedOnToolsVersion = 10.1;
						SystemCapabilities = {
							com.apple.BackgroundModes = {
								enabled = 1;
							};
						};
					};
					9CF12FBB219050F500871893 = {
						CreatedOnToolsVersion = 10.1;
						TestTargetID = 9CF12FA7219050F300871893;
					};
					9CF12FC6219050F500871893 = {
						CreatedOnToolsVersion = 10.1;
						TestTargetID = 9CF12FA7219050F300871893;
					};
				};
			};
			buildConfigurationList = 9CF12FA3219050F300871893 /* Build configuration list for PBXProject "iBach" */;
			compatibilityVersion = "Xcode 9.3";
			developmentRegion = en;
			hasScannedForEncodings = 0;
			knownRegions = (
				en,
				Base,
			);
			mainGroup = 9CF12F9F219050F300871893;
			productRefGroup = 9CF12FA9219050F300871893 /* Products */;
			projectDirPath = "";
			projectRoot = "";
			targets = (
				9CF12FA7219050F300871893 /* iBach */,
				9CF12FBB219050F500871893 /* iBachTests */,
				9CF12FC6219050F500871893 /* iBachUITests */,
			);
		};
/* End PBXProject section */

/* Begin PBXResourcesBuildPhase section */
		9CF12FA6219050F300871893 /* Resources */ = {
			isa = PBXResourcesBuildPhase;
			buildActionMask = 2147483647;
			files = (
				9CCCC76D21AB2DFE005BCB01 /* Registration.storyboard in Resources */,
				9D83666B21ED293400A73541 /* LargePlayer.storyboard in Resources */,
				9C9C511321B583200002ADE2 /* Favorites.storyboard in Resources */,
				9CF12FB6219050F500871893 /* LaunchScreen.storyboard in Resources */,
				9CB9F63121A957B300177DC7 /* Music.storyboard in Resources */,
				9CF12FB3219050F500871893 /* Assets.xcassets in Resources */,
				9C9C511621B584420002ADE2 /* Playlists.storyboard in Resources */,
				9C00EFE021A5EA9A00B9798A /* Login.storyboard in Resources */,
				3433DC1A21B2D15E008EA2AE /* Settings.storyboard in Resources */,
				9CB9F62D21A9565100177DC7 /* Account.storyboard in Resources */,
				9CF12FB1219050F300871893 /* Main.storyboard in Resources */,
			);
			runOnlyForDeploymentPostprocessing = 0;
		};
		9CF12FBA219050F500871893 /* Resources */ = {
			isa = PBXResourcesBuildPhase;
			buildActionMask = 2147483647;
			files = (
			);
			runOnlyForDeploymentPostprocessing = 0;
		};
		9CF12FC5219050F500871893 /* Resources */ = {
			isa = PBXResourcesBuildPhase;
			buildActionMask = 2147483647;
			files = (
			);
			runOnlyForDeploymentPostprocessing = 0;
		};
/* End PBXResourcesBuildPhase section */

/* Begin PBXShellScriptBuildPhase section */
		1DF23F881133D39D366D529D /* [CP] Check Pods Manifest.lock */ = {
			isa = PBXShellScriptBuildPhase;
			buildActionMask = 2147483647;
			files = (
			);
			inputFileListPaths = (
			);
			inputPaths = (
				"${PODS_PODFILE_DIR_PATH}/Podfile.lock",
				"${PODS_ROOT}/Manifest.lock",
			);
			name = "[CP] Check Pods Manifest.lock";
			outputFileListPaths = (
			);
			outputPaths = (
				"$(DERIVED_FILE_DIR)/Pods-iBachUITests-checkManifestLockResult.txt",
			);
			runOnlyForDeploymentPostprocessing = 0;
			shellPath = /bin/sh;
			shellScript = "diff \"${PODS_PODFILE_DIR_PATH}/Podfile.lock\" \"${PODS_ROOT}/Manifest.lock\" > /dev/null\nif [ $? != 0 ] ; then\n    # print error to STDERR\n    echo \"error: The sandbox is not in sync with the Podfile.lock. Run 'pod install' or update your CocoaPods installation.\" >&2\n    exit 1\nfi\n# This output is used by Xcode 'outputs' to avoid re-running this script phase.\necho \"SUCCESS\" > \"${SCRIPT_OUTPUT_FILE_0}\"\n";
			showEnvVarsInLog = 0;
		};
		70325DE7FD6495D5551B7EFA /* [CP] Check Pods Manifest.lock */ = {
			isa = PBXShellScriptBuildPhase;
			buildActionMask = 2147483647;
			files = (
			);
			inputFileListPaths = (
			);
			inputPaths = (
				"${PODS_PODFILE_DIR_PATH}/Podfile.lock",
				"${PODS_ROOT}/Manifest.lock",
			);
			name = "[CP] Check Pods Manifest.lock";
			outputFileListPaths = (
			);
			outputPaths = (
				"$(DERIVED_FILE_DIR)/Pods-iBachTests-checkManifestLockResult.txt",
			);
			runOnlyForDeploymentPostprocessing = 0;
			shellPath = /bin/sh;
			shellScript = "diff \"${PODS_PODFILE_DIR_PATH}/Podfile.lock\" \"${PODS_ROOT}/Manifest.lock\" > /dev/null\nif [ $? != 0 ] ; then\n    # print error to STDERR\n    echo \"error: The sandbox is not in sync with the Podfile.lock. Run 'pod install' or update your CocoaPods installation.\" >&2\n    exit 1\nfi\n# This output is used by Xcode 'outputs' to avoid re-running this script phase.\necho \"SUCCESS\" > \"${SCRIPT_OUTPUT_FILE_0}\"\n";
			showEnvVarsInLog = 0;
		};
		D3301D1013DCEBCDC9A2B39E /* [CP] Check Pods Manifest.lock */ = {
			isa = PBXShellScriptBuildPhase;
			buildActionMask = 2147483647;
			files = (
			);
			inputFileListPaths = (
			);
			inputPaths = (
				"${PODS_PODFILE_DIR_PATH}/Podfile.lock",
				"${PODS_ROOT}/Manifest.lock",
			);
			name = "[CP] Check Pods Manifest.lock";
			outputFileListPaths = (
			);
			outputPaths = (
				"$(DERIVED_FILE_DIR)/Pods-iBach-checkManifestLockResult.txt",
			);
			runOnlyForDeploymentPostprocessing = 0;
			shellPath = /bin/sh;
			shellScript = "diff \"${PODS_PODFILE_DIR_PATH}/Podfile.lock\" \"${PODS_ROOT}/Manifest.lock\" > /dev/null\nif [ $? != 0 ] ; then\n    # print error to STDERR\n    echo \"error: The sandbox is not in sync with the Podfile.lock. Run 'pod install' or update your CocoaPods installation.\" >&2\n    exit 1\nfi\n# This output is used by Xcode 'outputs' to avoid re-running this script phase.\necho \"SUCCESS\" > \"${SCRIPT_OUTPUT_FILE_0}\"\n";
			showEnvVarsInLog = 0;
		};
		D9557B56A048E46C3996A119 /* [CP] Embed Pods Frameworks */ = {
			isa = PBXShellScriptBuildPhase;
			buildActionMask = 2147483647;
			files = (
			);
			inputFileListPaths = (
			);
			inputPaths = (
				"${SRCROOT}/Pods/Target Support Files/Pods-iBach/Pods-iBach-frameworks.sh",
				"${BUILT_PRODUCTS_DIR}/Alamofire/Alamofire.framework",
				"${BUILT_PRODUCTS_DIR}/AlamofireImage/AlamofireImage.framework",
				"${BUILT_PRODUCTS_DIR}/Unbox/Unbox.framework",
			);
			name = "[CP] Embed Pods Frameworks";
			outputFileListPaths = (
			);
			outputPaths = (
				"${TARGET_BUILD_DIR}/${FRAMEWORKS_FOLDER_PATH}/Alamofire.framework",
				"${TARGET_BUILD_DIR}/${FRAMEWORKS_FOLDER_PATH}/AlamofireImage.framework",
				"${TARGET_BUILD_DIR}/${FRAMEWORKS_FOLDER_PATH}/Unbox.framework",
			);
			runOnlyForDeploymentPostprocessing = 0;
			shellPath = /bin/sh;
			shellScript = "\"${SRCROOT}/Pods/Target Support Files/Pods-iBach/Pods-iBach-frameworks.sh\"\n";
			showEnvVarsInLog = 0;
		};
/* End PBXShellScriptBuildPhase section */

/* Begin PBXSourcesBuildPhase section */
		9CF12FA4219050F300871893 /* Sources */ = {
			isa = PBXSourcesBuildPhase;
			buildActionMask = 2147483647;
			files = (
				3491816B21EE3F1A008E679C /* MusicMatchSongDetailDatasource.swift in Sources */,
				9CCCC76F21AB2E15005BCB01 /* RegistrationTableViewController.swift in Sources */,
				93F887E021FD0905007D752E /* CreatePlaylistViewController.swift in Sources */,
				9C00EFEA21A6C50300B9798A /* LoginViewController.swift in Sources */,
				42421B012200BC5600D8A73D /* SimilarTracks.swift in Sources */,
				3433DC2B21B2E8B8008EA2AE /* DarkTheme.swift in Sources */,
				4C594CD521FCF9F7001FD314 /* UIAlertControllerWithTextField.swift in Sources */,
				34A2F4B72200861800B2224B /* DataSourceManager.swift in Sources */,
				9D05965921EE30180096DFD0 /* RootTabBarViewController.swift in Sources */,
				3433DC4121B2F405008EA2AE /* LightTheme.swift in Sources */,
				3433DC3721B2ECCD008EA2AE /* AppLable.swift in Sources */,
				3433DC3321B2EC5C008EA2AE /* UIWindow.swift in Sources */,
				9CCCC76F21AB2E15005BCB01 /* RegistrationTableViewController.swift in Sources */,
				9C0CC19521B2F98F005DEFB0 /* Song.swift in Sources */,
				9CCCC76F21AB2E15005BCB01 /* RegistrationTableViewController.swift in Sources */,
				9D83666D21ED2A7F00A73541 /* MusicPlayerViewController.swift in Sources */,
				9C00EFEA21A6C50300B9798A /* LoginViewController.swift in Sources */,
				9CC91CB42195B76700FE8582 /* Switcher.swift in Sources */,
				9C5734FB21BB14AD002797EB /* PlaylistsTableViewCell.swift in Sources */,
				9353236821FDB2620096AA99 /* SongsTableViewController.swift in Sources */,
				9CA6972D21B9AC32003BF5A3 /* FavoritesTableViewController.swift in Sources */,
				34250FFE21ED218A008CB7FD /* SongDetailDatasource.swift in Sources */,
				9CA6972B21B9AB71003BF5A3 /* FavoriteSongTableViewCell.swift in Sources */,
				9C42E2FD21A8169800ED8A63 /* User.swift in Sources */,
				9C1B244621FF01C90003AE33 /* SongsTableViewCell.swift in Sources */,
				9CCCC77321AB3C7D005BCB01 /* RegistrationViewController.swift in Sources */,
				3433DC1F21B2DDA1008EA2AE /* Themes.swift in Sources */,
				3491FD1B21FC6E0700CE700D /* AppTextField.swift in Sources */,
				42421AFF2200B8D900D8A73D /* SongInfo.swift in Sources */,
				3491FD1921FC6BCD00CE700D /* AppMiniPlayer.swift in Sources */,
				9C42E2FB21A7327900ED8A63 /* HTTPRequest.swift in Sources */,
				3433DC2F21B2EBDC008EA2AE /* With.swift in Sources */,
				9CF12FAE219050F300871893 /* ViewController.swift in Sources */,
				9D05965721EE2DA80096DFD0 /* RootView.swift in Sources */,
				4C594CE121FF2E02001FD314 /* AddToPlaylistTableViewController.swift in Sources */,
				3433DC1C21B2D609008EA2AE /* SettingsViewController.swift in Sources */,
				3433DC2D21B2EBA3008EA2AE /* UITableView.swift in Sources */,
				3425100021ED2B31008CB7FD /* BlueTheme.swift in Sources */,
				9C23D17E21B984E80047D958 /* MusicPlayer.swift in Sources */,
				9C5734FD21BB1535002797EB /* Playlist.swift in Sources */,
				4C838E1C21FCA2AB00D25BFA /* PlaylistDetailsTableViewController.swift in Sources */,
				93F887E221FD0F34007D752E /* ChooseSongsViewController.swift in Sources */,
				34A68C1421FBBAD2003270CA /* ThemeSwitcher.swift in Sources */,
				9CF12FAE219050F300871893 /* ViewController.swift in Sources */,
				9D05965521EE1DFD0096DFD0 /* MiniPlayerViewController.swift in Sources */,
				933A5D9721B2D19F009ED123 /* AccountTableViewController.swift in Sources */,
				34A68C1221FBB517003270CA /* AppTextView.swift in Sources */,
				9C9C511821B5C0FD0002ADE2 /* MusicViewController.swift in Sources */,
				349A1CFC21FB60D400869A13 /* LyricsViewController.swift in Sources */,
				9CF12FAC219050F300871893 /* AppDelegate.swift in Sources */,
				3433DC3D21B2ED3F008EA2AE /* AppView.swift in Sources */,
				9C5734F921BB149B002797EB /* PlaylistsTableViewController.swift in Sources */,
				3433DC3121B2EC3B008EA2AE /* UIView.swift in Sources */,
				3433DC3521B2ECB3008EA2AE /* AppButton.swift in Sources */,
				9CA8AE4C21B2DF0500E62A5A /* TrackTableViewCell.swift in Sources */,
			);
			runOnlyForDeploymentPostprocessing = 0;
		};
		9CF12FB8219050F500871893 /* Sources */ = {
			isa = PBXSourcesBuildPhase;
			buildActionMask = 2147483647;
			files = (
				9CF12FC1219050F500871893 /* iBachTests.swift in Sources */,
			);
			runOnlyForDeploymentPostprocessing = 0;
		};
		9CF12FC3219050F500871893 /* Sources */ = {
			isa = PBXSourcesBuildPhase;
			buildActionMask = 2147483647;
			files = (
				9CF12FCC219050F500871893 /* iBachUITests.swift in Sources */,
			);
			runOnlyForDeploymentPostprocessing = 0;
		};
/* End PBXSourcesBuildPhase section */

/* Begin PBXTargetDependency section */
		9CF12FBE219050F500871893 /* PBXTargetDependency */ = {
			isa = PBXTargetDependency;
			target = 9CF12FA7219050F300871893 /* iBach */;
			targetProxy = 9CF12FBD219050F500871893 /* PBXContainerItemProxy */;
		};
		9CF12FC9219050F500871893 /* PBXTargetDependency */ = {
			isa = PBXTargetDependency;
			target = 9CF12FA7219050F300871893 /* iBach */;
			targetProxy = 9CF12FC8219050F500871893 /* PBXContainerItemProxy */;
		};
/* End PBXTargetDependency section */

/* Begin PBXVariantGroup section */
		9CF12FAF219050F300871893 /* Main.storyboard */ = {
			isa = PBXVariantGroup;
			children = (
				9CF12FB0219050F300871893 /* Base */,
			);
			name = Main.storyboard;
			sourceTree = "<group>";
		};
		9CF12FB4219050F500871893 /* LaunchScreen.storyboard */ = {
			isa = PBXVariantGroup;
			children = (
				9CF12FB5219050F500871893 /* Base */,
			);
			name = LaunchScreen.storyboard;
			sourceTree = "<group>";
		};
/* End PBXVariantGroup section */

/* Begin XCBuildConfiguration section */
		9CF12FCE219050F500871893 /* Debug */ = {
			isa = XCBuildConfiguration;
			buildSettings = {
				ALWAYS_SEARCH_USER_PATHS = NO;
				CLANG_ANALYZER_NONNULL = YES;
				CLANG_ANALYZER_NUMBER_OBJECT_CONVERSION = YES_AGGRESSIVE;
				CLANG_CXX_LANGUAGE_STANDARD = "gnu++14";
				CLANG_CXX_LIBRARY = "libc++";
				CLANG_ENABLE_MODULES = YES;
				CLANG_ENABLE_OBJC_ARC = YES;
				CLANG_ENABLE_OBJC_WEAK = YES;
				CLANG_WARN_BLOCK_CAPTURE_AUTORELEASING = YES;
				CLANG_WARN_BOOL_CONVERSION = YES;
				CLANG_WARN_COMMA = YES;
				CLANG_WARN_CONSTANT_CONVERSION = YES;
				CLANG_WARN_DEPRECATED_OBJC_IMPLEMENTATIONS = YES;
				CLANG_WARN_DIRECT_OBJC_ISA_USAGE = YES_ERROR;
				CLANG_WARN_DOCUMENTATION_COMMENTS = YES;
				CLANG_WARN_EMPTY_BODY = YES;
				CLANG_WARN_ENUM_CONVERSION = YES;
				CLANG_WARN_INFINITE_RECURSION = YES;
				CLANG_WARN_INT_CONVERSION = YES;
				CLANG_WARN_NON_LITERAL_NULL_CONVERSION = YES;
				CLANG_WARN_OBJC_IMPLICIT_RETAIN_SELF = YES;
				CLANG_WARN_OBJC_LITERAL_CONVERSION = YES;
				CLANG_WARN_OBJC_ROOT_CLASS = YES_ERROR;
				CLANG_WARN_RANGE_LOOP_ANALYSIS = YES;
				CLANG_WARN_STRICT_PROTOTYPES = YES;
				CLANG_WARN_SUSPICIOUS_MOVE = YES;
				CLANG_WARN_UNGUARDED_AVAILABILITY = YES_AGGRESSIVE;
				CLANG_WARN_UNREACHABLE_CODE = YES;
				CLANG_WARN__DUPLICATE_METHOD_MATCH = YES;
				CODE_SIGN_IDENTITY = "iPhone Developer";
				COPY_PHASE_STRIP = NO;
				DEBUG_INFORMATION_FORMAT = dwarf;
				ENABLE_STRICT_OBJC_MSGSEND = YES;
				ENABLE_TESTABILITY = YES;
				GCC_C_LANGUAGE_STANDARD = gnu11;
				GCC_DYNAMIC_NO_PIC = NO;
				GCC_NO_COMMON_BLOCKS = YES;
				GCC_OPTIMIZATION_LEVEL = 0;
				GCC_PREPROCESSOR_DEFINITIONS = (
					"DEBUG=1",
					"$(inherited)",
				);
				GCC_WARN_64_TO_32_BIT_CONVERSION = YES;
				GCC_WARN_ABOUT_RETURN_TYPE = YES_ERROR;
				GCC_WARN_UNDECLARED_SELECTOR = YES;
				GCC_WARN_UNINITIALIZED_AUTOS = YES_AGGRESSIVE;
				GCC_WARN_UNUSED_FUNCTION = YES;
				GCC_WARN_UNUSED_VARIABLE = YES;
				IPHONEOS_DEPLOYMENT_TARGET = 12.1;
				MTL_ENABLE_DEBUG_INFO = INCLUDE_SOURCE;
				MTL_FAST_MATH = YES;
				ONLY_ACTIVE_ARCH = YES;
				SDKROOT = iphoneos;
				SWIFT_ACTIVE_COMPILATION_CONDITIONS = DEBUG;
				SWIFT_OPTIMIZATION_LEVEL = "-Onone";
			};
			name = Debug;
		};
		9CF12FCF219050F500871893 /* Release */ = {
			isa = XCBuildConfiguration;
			buildSettings = {
				ALWAYS_SEARCH_USER_PATHS = NO;
				CLANG_ANALYZER_NONNULL = YES;
				CLANG_ANALYZER_NUMBER_OBJECT_CONVERSION = YES_AGGRESSIVE;
				CLANG_CXX_LANGUAGE_STANDARD = "gnu++14";
				CLANG_CXX_LIBRARY = "libc++";
				CLANG_ENABLE_MODULES = YES;
				CLANG_ENABLE_OBJC_ARC = YES;
				CLANG_ENABLE_OBJC_WEAK = YES;
				CLANG_WARN_BLOCK_CAPTURE_AUTORELEASING = YES;
				CLANG_WARN_BOOL_CONVERSION = YES;
				CLANG_WARN_COMMA = YES;
				CLANG_WARN_CONSTANT_CONVERSION = YES;
				CLANG_WARN_DEPRECATED_OBJC_IMPLEMENTATIONS = YES;
				CLANG_WARN_DIRECT_OBJC_ISA_USAGE = YES_ERROR;
				CLANG_WARN_DOCUMENTATION_COMMENTS = YES;
				CLANG_WARN_EMPTY_BODY = YES;
				CLANG_WARN_ENUM_CONVERSION = YES;
				CLANG_WARN_INFINITE_RECURSION = YES;
				CLANG_WARN_INT_CONVERSION = YES;
				CLANG_WARN_NON_LITERAL_NULL_CONVERSION = YES;
				CLANG_WARN_OBJC_IMPLICIT_RETAIN_SELF = YES;
				CLANG_WARN_OBJC_LITERAL_CONVERSION = YES;
				CLANG_WARN_OBJC_ROOT_CLASS = YES_ERROR;
				CLANG_WARN_RANGE_LOOP_ANALYSIS = YES;
				CLANG_WARN_STRICT_PROTOTYPES = YES;
				CLANG_WARN_SUSPICIOUS_MOVE = YES;
				CLANG_WARN_UNGUARDED_AVAILABILITY = YES_AGGRESSIVE;
				CLANG_WARN_UNREACHABLE_CODE = YES;
				CLANG_WARN__DUPLICATE_METHOD_MATCH = YES;
				CODE_SIGN_IDENTITY = "iPhone Developer";
				COPY_PHASE_STRIP = NO;
				DEBUG_INFORMATION_FORMAT = "dwarf-with-dsym";
				ENABLE_NS_ASSERTIONS = NO;
				ENABLE_STRICT_OBJC_MSGSEND = YES;
				GCC_C_LANGUAGE_STANDARD = gnu11;
				GCC_NO_COMMON_BLOCKS = YES;
				GCC_WARN_64_TO_32_BIT_CONVERSION = YES;
				GCC_WARN_ABOUT_RETURN_TYPE = YES_ERROR;
				GCC_WARN_UNDECLARED_SELECTOR = YES;
				GCC_WARN_UNINITIALIZED_AUTOS = YES_AGGRESSIVE;
				GCC_WARN_UNUSED_FUNCTION = YES;
				GCC_WARN_UNUSED_VARIABLE = YES;
				IPHONEOS_DEPLOYMENT_TARGET = 12.1;
				MTL_ENABLE_DEBUG_INFO = NO;
				MTL_FAST_MATH = YES;
				SDKROOT = iphoneos;
				SWIFT_COMPILATION_MODE = wholemodule;
				SWIFT_OPTIMIZATION_LEVEL = "-O";
				VALIDATE_PRODUCT = YES;
			};
			name = Release;
		};
		9CF12FD1219050F500871893 /* Debug */ = {
			isa = XCBuildConfiguration;
			baseConfigurationReference = 984B9AAF6BA00B7FA15F9645 /* Pods-iBach.debug.xcconfig */;
			buildSettings = {
				ASSETCATALOG_COMPILER_APPICON_NAME = AppIcon;
				CODE_SIGN_STYLE = Automatic;
				DEVELOPMENT_TEAM = 92YL697L7G;
				INFOPLIST_FILE = "$(SRCROOT)/iBach/Supporting Files/Info.plist";
				IPHONEOS_DEPLOYMENT_TARGET = 11.0;
				LD_RUNPATH_SEARCH_PATHS = (
					"$(inherited)",
					"@executable_path/Frameworks",
				);
				PRODUCT_BUNDLE_IDENTIFIER = foi.air.iBach;
				PRODUCT_NAME = "$(TARGET_NAME)";
				SWIFT_VERSION = 4.2;
				TARGETED_DEVICE_FAMILY = "1,2";
			};
			name = Debug;
		};
		9CF12FD2219050F500871893 /* Release */ = {
			isa = XCBuildConfiguration;
			baseConfigurationReference = 917766B6C3AF7B5ED1697F56 /* Pods-iBach.release.xcconfig */;
			buildSettings = {
				ASSETCATALOG_COMPILER_APPICON_NAME = AppIcon;
				CODE_SIGN_STYLE = Automatic;
				DEVELOPMENT_TEAM = 92YL697L7G;
				INFOPLIST_FILE = "$(SRCROOT)/iBach/Supporting Files/Info.plist";
				IPHONEOS_DEPLOYMENT_TARGET = 11.0;
				LD_RUNPATH_SEARCH_PATHS = (
					"$(inherited)",
					"@executable_path/Frameworks",
				);
				PRODUCT_BUNDLE_IDENTIFIER = foi.air.iBach;
				PRODUCT_NAME = "$(TARGET_NAME)";
				SWIFT_VERSION = 4.2;
				TARGETED_DEVICE_FAMILY = "1,2";
			};
			name = Release;
		};
		9CF12FD4219050F500871893 /* Debug */ = {
			isa = XCBuildConfiguration;
			baseConfigurationReference = 92784A192B37ADA074113A88 /* Pods-iBachTests.debug.xcconfig */;
			buildSettings = {
				ALWAYS_EMBED_SWIFT_STANDARD_LIBRARIES = YES;
				BUNDLE_LOADER = "$(TEST_HOST)";
				CODE_SIGN_STYLE = Automatic;
				DEVELOPMENT_TEAM = 92YL697L7G;
				INFOPLIST_FILE = iBachTests/Info.plist;
				LD_RUNPATH_SEARCH_PATHS = (
					"$(inherited)",
					"@executable_path/Frameworks",
					"@loader_path/Frameworks",
				);
				PRODUCT_BUNDLE_IDENTIFIER = foi.air.iBachTests;
				PRODUCT_NAME = "$(TARGET_NAME)";
				SWIFT_VERSION = 4.2;
				TARGETED_DEVICE_FAMILY = "1,2";
				TEST_HOST = "$(BUILT_PRODUCTS_DIR)/iBach.app/iBach";
			};
			name = Debug;
		};
		9CF12FD5219050F500871893 /* Release */ = {
			isa = XCBuildConfiguration;
			baseConfigurationReference = 16C4C6196766FE384F966BE4 /* Pods-iBachTests.release.xcconfig */;
			buildSettings = {
				ALWAYS_EMBED_SWIFT_STANDARD_LIBRARIES = YES;
				BUNDLE_LOADER = "$(TEST_HOST)";
				CODE_SIGN_STYLE = Automatic;
				DEVELOPMENT_TEAM = 92YL697L7G;
				INFOPLIST_FILE = iBachTests/Info.plist;
				LD_RUNPATH_SEARCH_PATHS = (
					"$(inherited)",
					"@executable_path/Frameworks",
					"@loader_path/Frameworks",
				);
				PRODUCT_BUNDLE_IDENTIFIER = foi.air.iBachTests;
				PRODUCT_NAME = "$(TARGET_NAME)";
				SWIFT_VERSION = 4.2;
				TARGETED_DEVICE_FAMILY = "1,2";
				TEST_HOST = "$(BUILT_PRODUCTS_DIR)/iBach.app/iBach";
			};
			name = Release;
		};
		9CF12FD7219050F500871893 /* Debug */ = {
			isa = XCBuildConfiguration;
			baseConfigurationReference = F8F7FD372C92911759991267 /* Pods-iBachUITests.debug.xcconfig */;
			buildSettings = {
				ALWAYS_EMBED_SWIFT_STANDARD_LIBRARIES = YES;
				CODE_SIGN_STYLE = Automatic;
				DEVELOPMENT_TEAM = 92YL697L7G;
				INFOPLIST_FILE = iBachUITests/Info.plist;
				LD_RUNPATH_SEARCH_PATHS = (
					"$(inherited)",
					"@executable_path/Frameworks",
					"@loader_path/Frameworks",
				);
				PRODUCT_BUNDLE_IDENTIFIER = foi.air.iBachUITests;
				PRODUCT_NAME = "$(TARGET_NAME)";
				SWIFT_VERSION = 4.2;
				TARGETED_DEVICE_FAMILY = "1,2";
				TEST_TARGET_NAME = iBach;
			};
			name = Debug;
		};
		9CF12FD8219050F500871893 /* Release */ = {
			isa = XCBuildConfiguration;
			baseConfigurationReference = 258327AC3A2BA3E12996669F /* Pods-iBachUITests.release.xcconfig */;
			buildSettings = {
				ALWAYS_EMBED_SWIFT_STANDARD_LIBRARIES = YES;
				CODE_SIGN_STYLE = Automatic;
				DEVELOPMENT_TEAM = 92YL697L7G;
				INFOPLIST_FILE = iBachUITests/Info.plist;
				LD_RUNPATH_SEARCH_PATHS = (
					"$(inherited)",
					"@executable_path/Frameworks",
					"@loader_path/Frameworks",
				);
				PRODUCT_BUNDLE_IDENTIFIER = foi.air.iBachUITests;
				PRODUCT_NAME = "$(TARGET_NAME)";
				SWIFT_VERSION = 4.2;
				TARGETED_DEVICE_FAMILY = "1,2";
				TEST_TARGET_NAME = iBach;
			};
			name = Release;
		};
/* End XCBuildConfiguration section */

/* Begin XCConfigurationList section */
		9CF12FA3219050F300871893 /* Build configuration list for PBXProject "iBach" */ = {
			isa = XCConfigurationList;
			buildConfigurations = (
				9CF12FCE219050F500871893 /* Debug */,
				9CF12FCF219050F500871893 /* Release */,
			);
			defaultConfigurationIsVisible = 0;
			defaultConfigurationName = Release;
		};
		9CF12FD0219050F500871893 /* Build configuration list for PBXNativeTarget "iBach" */ = {
			isa = XCConfigurationList;
			buildConfigurations = (
				9CF12FD1219050F500871893 /* Debug */,
				9CF12FD2219050F500871893 /* Release */,
			);
			defaultConfigurationIsVisible = 0;
			defaultConfigurationName = Release;
		};
		9CF12FD3219050F500871893 /* Build configuration list for PBXNativeTarget "iBachTests" */ = {
			isa = XCConfigurationList;
			buildConfigurations = (
				9CF12FD4219050F500871893 /* Debug */,
				9CF12FD5219050F500871893 /* Release */,
			);
			defaultConfigurationIsVisible = 0;
			defaultConfigurationName = Release;
		};
		9CF12FD6219050F500871893 /* Build configuration list for PBXNativeTarget "iBachUITests" */ = {
			isa = XCConfigurationList;
			buildConfigurations = (
				9CF12FD7219050F500871893 /* Debug */,
				9CF12FD8219050F500871893 /* Release */,
			);
			defaultConfigurationIsVisible = 0;
			defaultConfigurationName = Release;
		};
/* End XCConfigurationList section */
	};
	rootObject = 9CF12FA0219050F300871893 /* Project object */;
}
